
Microsoft Visual Studio Solution File, Format Version 12.00
# Visual Studio Version 16
VisualStudioVersion = 16.0.28721.148
MinimumVisualStudioVersion = 10.0.40219.1
Project("{FAE04EC0-301F-11D3-BF4B-00C04F79EFBC}") = "Demo.ReactiveUI.Winforms.Bindings", "Demo.ReactiveUI.Winforms.Bindings\Demo.ReactiveUI.Winforms.Bindings.csproj", "{013E7FD6-6600-4942-B1AB-41C9EFFDBAD3}"
EndProject
Project("{FAE04EC0-301F-11D3-BF4B-00C04F79EFBC}") = "Demo.ReactiveUI.Winforms.Commands", "Demo.ReactiveUI.Winforms.Commands\Demo.ReactiveUI.Winforms.Commands.csproj", "{F7B643BE-478A-44F9-89AA-2585EE4AE78E}"
EndProject
Project("{FAE04EC0-301F-11D3-BF4B-00C04F79EFBC}") = "Demo.ReactiveUI.Winforms.Routing", "Demo.ReactiveUI.Winforms.Routing\Demo.ReactiveUI.Winforms.Routing.csproj", "{A7C51006-21A4-4ABC-89BC-6701988B75C6}"
EndProject
Global
	GlobalSection(SolutionConfigurationPlatforms) = preSolution
		Debug|Any CPU = Debug|Any CPU
		Release|Any CPU = Release|Any CPU
	EndGlobalSection
	GlobalSection(ProjectConfigurationPlatforms) = postSolution
		{013E7FD6-6600-4942-B1AB-41C9EFFDBAD3}.Debug|Any CPU.ActiveCfg = Debug|Any CPU
		{013E7FD6-6600-4942-B1AB-41C9EFFDBAD3}.Debug|Any CPU.Build.0 = Debug|Any CPU
		{013E7FD6-6600-4942-B1AB-41C9EFFDBAD3}.Release|Any CPU.ActiveCfg = Release|Any CPU
		{013E7FD6-6600-4942-B1AB-41C9EFFDBAD3}.Release|Any CPU.Build.0 = Release|Any CPU
		{F7B643BE-478A-44F9-89AA-2585EE4AE78E}.Debug|Any CPU.ActiveCfg = Debug|Any CPU
		{F7B643BE-478A-44F9-89AA-2585EE4AE78E}.Debug|Any CPU.Build.0 = Debug|Any CPU
		{F7B643BE-478A-44F9-89AA-2585EE4AE78E}.Release|Any CPU.ActiveCfg = Release|Any CPU
		{F7B643BE-478A-44F9-89AA-2585EE4AE78E}.Release|Any CPU.Build.0 = Release|Any CPU
		{A7C51006-21A4-4ABC-89BC-6701988B75C6}.Debug|Any CPU.ActiveCfg = Debug|Any CPU
		{A7C51006-21A4-4ABC-89BC-6701988B75C6}.Debug|Any CPU.Build.0 = Debug|Any CPU
		{A7C51006-21A4-4ABC-89BC-6701988B75C6}.Release|Any CPU.ActiveCfg = Release|Any CPU
		{A7C51006-21A4-4ABC-89BC-6701988B75C6}.Release|Any CPU.Build.0 = Release|Any CPU
	EndGlobalSection
	GlobalSection(SolutionProperties) = preSolution
		HideSolutionNode = FALSE
	EndGlobalSection
	GlobalSection(ExtensibilityGlobals) = postSolution
		SolutionGuid = {51846A86-72C2-4B5A-A7C5-4A7075A1888E}
	EndGlobalSection
EndGlobal
